
Microsoft Visual Studio Solution File, Format Version 12.00
# Visual Studio Version 16
VisualStudioVersion = 16.0.30204.135
MinimumVisualStudioVersion = 10.0.40219.1
Project("{FAE04EC0-301F-11D3-BF4B-00C04F79EFBC}") = "ScoreBoard", "ScoreBoard\ScoreBoard.csproj", "{8A0D5DBF-E966-426F-8E05-7E0341035FB7}"
EndProject
Global
	GlobalSection(SolutionConfigurationPlatforms) = preSolution
		Debug|Any CPU = Debug|Any CPU
		Release|Any CPU = Release|Any CPU
	EndGlobalSection
	GlobalSection(ProjectConfigurationPlatforms) = postSolution
		{8A0D5DBF-E966-426F-8E05-7E0341035FB7}.Debug|Any CPU.ActiveCfg = Debug|Any CPU
		{8A0D5DBF-E966-426F-8E05-7E0341035FB7}.Debug|Any CPU.Build.0 = Debug|Any CPU
		{8A0D5DBF-E966-426F-8E05-7E0341035FB7}.Release|Any CPU.ActiveCfg = Release|Any CPU
		{8A0D5DBF-E966-426F-8E05-7E0341035FB7}.Release|Any CPU.Build.0 = Release|Any CPU
	EndGlobalSection
	GlobalSection(SolutionProperties) = preSolution
		HideSolutionNode = FALSE
	EndGlobalSection
	GlobalSection(ExtensibilityGlobals) = postSolution
		SolutionGuid = {8F947A62-FE4E-4AD9-B3DB-7E9E87CAB2AB}
	EndGlobalSection
EndGlobal
